
Microsoft Visual Studio Solution File, Format Version 12.00
# Visual Studio 14
VisualStudioVersion = 14.0.25420.1
MinimumVisualStudioVersion = 10.0.40219.1
Project("{2150E333-8FDC-42A3-9474-1A3956D46DE8}") = "src", "src", "{C0949240-3C43-4AB4-9C79-E8E515D14D91}"
EndProject
Project("{2150E333-8FDC-42A3-9474-1A3956D46DE8}") = "Solution Items", "Solution Items", "{4ABB33C4-D394-4795-9A18-2EB1DD4DF875}"
	ProjectSection(SolutionItems) = preProject
		global.json = global.json
	EndProjectSection
EndProject
Project("{8BB2217D-0F2D-49D1-97BC-3654ED321F3B}") = "ElasticsearchCrud", "src\ElasticsearchCrud\ElasticsearchCrud.xproj", "{89350F47-9F41-4E99-8C3D-D6C1DCC80E2F}"
EndProject
Project("{8BB2217D-0F2D-49D1-97BC-3654ED321F3B}") = "ElasticsearchGermanAnalyzer", "src\ElasticsearchGermanAnalyzer\ElasticsearchGermanAnalyzer.xproj", "{8F6F82B3-0265-4518-B984-FAF610F5223B}"
EndProject
Project("{8BB2217D-0F2D-49D1-97BC-3654ED321F3B}") = "ElasticsearchCRUD.Integration.Test", "src\ElasticsearchCRUD.Integration.Test\ElasticsearchCRUD.Integration.Test.xproj", "{6467B9AF-6EAF-4BE5-8EAF-B0A7DD8F3371}"
EndProject
Project("{2150E333-8FDC-42A3-9474-1A3956D46DE8}") = "samples", "samples", "{EFE800DD-34C1-4F16-8F29-9AB44FC1A6D8}"
EndProject
Project("{FAE04EC0-301F-11D3-BF4B-00C04F79EFBC}") = "ConsoleElasticsearchCrudExample", "samples\ConsoleElasticsearchCrudExample\ConsoleElasticsearchCrudExample.csproj", "{1E850A6D-11E5-45E1-AE91-7930F908554A}"
EndProject
Project("{FAE04EC0-301F-11D3-BF4B-00C04F79EFBC}") = "Damienbod.AnimalProvider", "samples\Damienbod.AnimalProvider\Damienbod.AnimalProvider.csproj", "{B77C46C2-82AB-4871-8ED3-2521512D30C6}"
EndProject
Project("{FAE04EC0-301F-11D3-BF4B-00C04F79EFBC}") = "DataTransferEF_SQLToElasticsearch", "samples\DataTransferEF_SQLToElasticsearch\DataTransferEF_SQLToElasticsearch.csproj", "{5D2337D7-426B-4DF6-8237-0C7638DF757C}"
EndProject
Project("{8BB2217D-0F2D-49D1-97BC-3654ED321F3B}") = "SearchComponent", "samples\SearchComponent\SearchComponent.xproj", "{C88DF104-B6F2-4760-8654-D171BDC060FB}"
EndProject
Global
	GlobalSection(SolutionConfigurationPlatforms) = preSolution
		Debug|Any CPU = Debug|Any CPU
		Release|Any CPU = Release|Any CPU
	EndGlobalSection
	GlobalSection(ProjectConfigurationPlatforms) = postSolution
		{89350F47-9F41-4E99-8C3D-D6C1DCC80E2F}.Debug|Any CPU.ActiveCfg = Debug|Any CPU
		{89350F47-9F41-4E99-8C3D-D6C1DCC80E2F}.Debug|Any CPU.Build.0 = Debug|Any CPU
		{89350F47-9F41-4E99-8C3D-D6C1DCC80E2F}.Release|Any CPU.ActiveCfg = Release|Any CPU
		{89350F47-9F41-4E99-8C3D-D6C1DCC80E2F}.Release|Any CPU.Build.0 = Release|Any CPU
		{8F6F82B3-0265-4518-B984-FAF610F5223B}.Debug|Any CPU.ActiveCfg = Debug|Any CPU
		{8F6F82B3-0265-4518-B984-FAF610F5223B}.Debug|Any CPU.Build.0 = Debug|Any CPU
		{8F6F82B3-0265-4518-B984-FAF610F5223B}.Release|Any CPU.ActiveCfg = Release|Any CPU
		{8F6F82B3-0265-4518-B984-FAF610F5223B}.Release|Any CPU.Build.0 = Release|Any CPU
		{6467B9AF-6EAF-4BE5-8EAF-B0A7DD8F3371}.Debug|Any CPU.ActiveCfg = Debug|Any CPU
		{6467B9AF-6EAF-4BE5-8EAF-B0A7DD8F3371}.Debug|Any CPU.Build.0 = Debug|Any CPU
		{6467B9AF-6EAF-4BE5-8EAF-B0A7DD8F3371}.Release|Any CPU.ActiveCfg = Release|Any CPU
		{6467B9AF-6EAF-4BE5-8EAF-B0A7DD8F3371}.Release|Any CPU.Build.0 = Release|Any CPU
		{1E850A6D-11E5-45E1-AE91-7930F908554A}.Debug|Any CPU.ActiveCfg = Debug|Any CPU
		{1E850A6D-11E5-45E1-AE91-7930F908554A}.Debug|Any CPU.Build.0 = Debug|Any CPU
		{1E850A6D-11E5-45E1-AE91-7930F908554A}.Release|Any CPU.ActiveCfg = Release|Any CPU
		{1E850A6D-11E5-45E1-AE91-7930F908554A}.Release|Any CPU.Build.0 = Release|Any CPU
		{B77C46C2-82AB-4871-8ED3-2521512D30C6}.Debug|Any CPU.ActiveCfg = Debug|Any CPU
		{B77C46C2-82AB-4871-8ED3-2521512D30C6}.Debug|Any CPU.Build.0 = Debug|Any CPU
		{B77C46C2-82AB-4871-8ED3-2521512D30C6}.Release|Any CPU.ActiveCfg = Release|Any CPU
		{B77C46C2-82AB-4871-8ED3-2521512D30C6}.Release|Any CPU.Build.0 = Release|Any CPU
		{5D2337D7-426B-4DF6-8237-0C7638DF757C}.Debug|Any CPU.ActiveCfg = Debug|Any CPU
		{5D2337D7-426B-4DF6-8237-0C7638DF757C}.Debug|Any CPU.Build.0 = Debug|Any CPU
		{5D2337D7-426B-4DF6-8237-0C7638DF757C}.Release|Any CPU.ActiveCfg = Release|Any CPU
		{5D2337D7-426B-4DF6-8237-0C7638DF757C}.Release|Any CPU.Build.0 = Release|Any CPU
		{C88DF104-B6F2-4760-8654-D171BDC060FB}.Debug|Any CPU.ActiveCfg = Debug|Any CPU
		{C88DF104-B6F2-4760-8654-D171BDC060FB}.Debug|Any CPU.Build.0 = Debug|Any CPU
		{C88DF104-B6F2-4760-8654-D171BDC060FB}.Release|Any CPU.ActiveCfg = Release|Any CPU
		{C88DF104-B6F2-4760-8654-D171BDC060FB}.Release|Any CPU.Build.0 = Release|Any CPU
	EndGlobalSection
	GlobalSection(SolutionProperties) = preSolution
		HideSolutionNode = FALSE
	EndGlobalSection
	GlobalSection(NestedProjects) = preSolution
		{89350F47-9F41-4E99-8C3D-D6C1DCC80E2F} = {C0949240-3C43-4AB4-9C79-E8E515D14D91}
		{8F6F82B3-0265-4518-B984-FAF610F5223B} = {C0949240-3C43-4AB4-9C79-E8E515D14D91}
		{6467B9AF-6EAF-4BE5-8EAF-B0A7DD8F3371} = {C0949240-3C43-4AB4-9C79-E8E515D14D91}
		{1E850A6D-11E5-45E1-AE91-7930F908554A} = {EFE800DD-34C1-4F16-8F29-9AB44FC1A6D8}
		{B77C46C2-82AB-4871-8ED3-2521512D30C6} = {EFE800DD-34C1-4F16-8F29-9AB44FC1A6D8}
		{5D2337D7-426B-4DF6-8237-0C7638DF757C} = {EFE800DD-34C1-4F16-8F29-9AB44FC1A6D8}
		{C88DF104-B6F2-4760-8654-D171BDC060FB} = {EFE800DD-34C1-4F16-8F29-9AB44FC1A6D8}
	EndGlobalSection
EndGlobal
