
Microsoft Visual Studio Solution File, Format Version 12.00
# Visual Studio 2013
VisualStudioVersion = 12.0.30723.0
MinimumVisualStudioVersion = 10.0.40219.1
Project("{FAE04EC0-301F-11D3-BF4B-00C04F79EFBC}") = "WebApiODataElasticsearch", "WebApiODataElasticsearch\WebApiODataElasticsearch.csproj", "{01EB0DD1-CD5E-47C6-980A-4F7B114BBD16}"
EndProject
Project("{FAE04EC0-301F-11D3-BF4B-00C04F79EFBC}") = "Damienbod.BusinessLayer", "Damienbod.BusinessLayer\Damienbod.BusinessLayer.csproj", "{54EB8E81-0898-4A74-BBED-9779D87C01AD}"
EndProject
Project("{FAE04EC0-301F-11D3-BF4B-00C04F79EFBC}") = "Damienbod.ElasticSearchProvider", "Damienbod.ElasticSearchProvider\Damienbod.ElasticSearchProvider.csproj", "{D40FD7B8-3FBC-4F06-88ED-704E60B1A3AF}"
EndProject
Project("{FAE04EC0-301F-11D3-BF4B-00C04F79EFBC}") = "Damienbod.AnimalProvider", "Damienbod.AnimalProvider\Damienbod.AnimalProvider.csproj", "{B77C46C2-82AB-4871-8ED3-2521512D30C6}"
EndProject
Project("{FAE04EC0-301F-11D3-BF4B-00C04F79EFBC}") = "ElasticLINQ", "ElasticLINQ\ElasticLINQ.csproj", "{875E1599-5B7F-4084-BBE0-0D70C3C80428}"
EndProject
Global
	GlobalSection(SolutionConfigurationPlatforms) = preSolution
		Debug|Any CPU = Debug|Any CPU
		Release|Any CPU = Release|Any CPU
	EndGlobalSection
	GlobalSection(ProjectConfigurationPlatforms) = postSolution
		{01EB0DD1-CD5E-47C6-980A-4F7B114BBD16}.Debug|Any CPU.ActiveCfg = Debug|Any CPU
		{01EB0DD1-CD5E-47C6-980A-4F7B114BBD16}.Debug|Any CPU.Build.0 = Debug|Any CPU
		{01EB0DD1-CD5E-47C6-980A-4F7B114BBD16}.Release|Any CPU.ActiveCfg = Release|Any CPU
		{01EB0DD1-CD5E-47C6-980A-4F7B114BBD16}.Release|Any CPU.Build.0 = Release|Any CPU
		{54EB8E81-0898-4A74-BBED-9779D87C01AD}.Debug|Any CPU.ActiveCfg = Debug|Any CPU
		{54EB8E81-0898-4A74-BBED-9779D87C01AD}.Debug|Any CPU.Build.0 = Debug|Any CPU
		{54EB8E81-0898-4A74-BBED-9779D87C01AD}.Release|Any CPU.ActiveCfg = Release|Any CPU
		{54EB8E81-0898-4A74-BBED-9779D87C01AD}.Release|Any CPU.Build.0 = Release|Any CPU
		{D40FD7B8-3FBC-4F06-88ED-704E60B1A3AF}.Debug|Any CPU.ActiveCfg = Debug|Any CPU
		{D40FD7B8-3FBC-4F06-88ED-704E60B1A3AF}.Debug|Any CPU.Build.0 = Debug|Any CPU
		{D40FD7B8-3FBC-4F06-88ED-704E60B1A3AF}.Release|Any CPU.ActiveCfg = Release|Any CPU
		{D40FD7B8-3FBC-4F06-88ED-704E60B1A3AF}.Release|Any CPU.Build.0 = Release|Any CPU
		{B77C46C2-82AB-4871-8ED3-2521512D30C6}.Debug|Any CPU.ActiveCfg = Debug|Any CPU
		{B77C46C2-82AB-4871-8ED3-2521512D30C6}.Debug|Any CPU.Build.0 = Debug|Any CPU
		{B77C46C2-82AB-4871-8ED3-2521512D30C6}.Release|Any CPU.ActiveCfg = Release|Any CPU
		{B77C46C2-82AB-4871-8ED3-2521512D30C6}.Release|Any CPU.Build.0 = Release|Any CPU
		{875E1599-5B7F-4084-BBE0-0D70C3C80428}.Debug|Any CPU.ActiveCfg = Debug|Any CPU
		{875E1599-5B7F-4084-BBE0-0D70C3C80428}.Debug|Any CPU.Build.0 = Debug|Any CPU
		{875E1599-5B7F-4084-BBE0-0D70C3C80428}.Release|Any CPU.ActiveCfg = Release|Any CPU
		{875E1599-5B7F-4084-BBE0-0D70C3C80428}.Release|Any CPU.Build.0 = Release|Any CPU
	EndGlobalSection
	GlobalSection(SolutionProperties) = preSolution
		HideSolutionNode = FALSE
	EndGlobalSection
EndGlobal
